
Microsoft Visual Studio Solution File, Format Version 10.00
# Visual Studio 2008
Project("{F184B08F-C81C-45F6-A57F-5ABD9991F28F}") = "Bayer", "Bayer\Bayer.vbproj", "{572779AB-7C18-4CEB-B49E-38B76FDA638E}"
EndProject
Project("{F184B08F-C81C-45F6-A57F-5ABD9991F28F}") = "AppLib", "AppLib\AppLib.vbproj", "{ABFCAC25-F9FA-4E55-A79B-10FE5643E5CA}"
EndProject
Project("{F184B08F-C81C-45F6-A57F-5ABD9991F28F}") = "CommonLib", "CommonLib\CommonLib.vbproj", "{A3E806FD-19B9-45BF-91D3-AF06B42CD3AE}"
EndProject
Project("{F184B08F-C81C-45F6-A57F-5ABD9991F28F}") = "PrintLog", "PrintLog\PrintLog.vbproj", "{9381C786-FB93-4DDB-B594-33D29E849BF5}"
EndProject
Project("{F184B08F-C81C-45F6-A57F-5ABD9991F28F}") = "ImportKouenkai", "ImportKouenkai\ImportKouenkai.vbproj", "{1BE8DF4F-F3F5-411E-9F80-6FA260D275F6}"
EndProject
Project("{F184B08F-C81C-45F6-A57F-5ABD9991F28F}") = "ImportKotsuHotel", "ImportKotsuHotel\ImportKotsuHotel.vbproj", "{6D91E2AB-479A-4564-98F7-228AE5CC3C4C}"
EndProject
Project("{F184B08F-C81C-45F6-A57F-5ABD9991F28F}") = "ImportKaijo", "ImportKaijo\ImportKaijo.vbproj", "{9B88881D-7EE4-489C-A836-CCE9FBB6BC5E}"
EndProject
Project("{F184B08F-C81C-45F6-A57F-5ABD9991F28F}") = "ExportKotsuHotel", "ExportKotsuHotel\ExportKotsuHotel.vbproj", "{00CF76AC-FE0A-4172-89C6-4A2FD52E43C0}"
EndProject
Project("{F184B08F-C81C-45F6-A57F-5ABD9991F28F}") = "ExportKaijo", "ExportKaijo\ExportKaijo.vbproj", "{60394F12-E325-4FB4-BCEF-8959826FE848}"
EndProject
Project("{F184B08F-C81C-45F6-A57F-5ABD9991F28F}") = "ImportSanka", "ImportSanka\ImportSanka.vbproj", "{D92DBF8D-A980-4846-BE0E-6FDFBBDDE094}"
EndProject
Project("{F184B08F-C81C-45F6-A57F-5ABD9991F28F}") = "ExportSeisan", "ExportSeisan\ExportSeisan.vbproj", "{FD8E0632-C5AB-4989-94EF-7EA89FF519B2}"
EndProject
Project("{F184B08F-C81C-45F6-A57F-5ABD9991F28F}") = "ImportSeisan", "ImportSeisan\ImportSeisan.vbproj", "{E341D975-A249-4B4F-8F4F-0B8F8F5E37C3}"
EndProject
Global
	GlobalSection(SourceCodeControl) = preSolution
		SccNumberOfProjects = 13
		SccLocalPath0 = .
		SccProjectUniqueName1 = AppLib\\AppLib.vbproj
		SccLocalPath1 = .
		SccProjectFilePathRelativizedFromConnection1 = AppLib\\
		SccProjectUniqueName2 = Bayer\\Bayer.vbproj
		SccLocalPath2 = .
		SccProjectFilePathRelativizedFromConnection2 = Bayer\\
		SccProjectUniqueName3 = CommonLib\\CommonLib.vbproj
		SccLocalPath3 = .
		SccProjectFilePathRelativizedFromConnection3 = CommonLib\\
		SccProjectUniqueName4 = PrintLog\\PrintLog.vbproj
		SccLocalPath4 = .
		SccProjectFilePathRelativizedFromConnection4 = PrintLog\\
		SccProjectUniqueName5 = ImportKouenkai\\ImportKouenkai.vbproj
		SccLocalPath5 = .
		SccProjectFilePathRelativizedFromConnection5 = ImportKouenkai\\
		SccProjectUniqueName6 = ImportKotsuHotel\\ImportKotsuHotel.vbproj
		SccLocalPath6 = .
		SccProjectFilePathRelativizedFromConnection6 = ImportKotsuHotel\\
		SccProjectUniqueName7 = ImportKaijo\\ImportKaijo.vbproj
		SccLocalPath7 = .
		SccProjectFilePathRelativizedFromConnection7 = ImportKaijo\\
		SccProjectUniqueName8 = ExportKotsuHotel\\ExportKotsuHotel.vbproj
		SccLocalPath8 = .
		SccProjectFilePathRelativizedFromConnection8 = ExportKotsuHotel\\
		SccProjectUniqueName9 = ExportKaijo\\ExportKaijo.vbproj
		SccLocalPath9 = .
		SccProjectFilePathRelativizedFromConnection9 = ExportKaijo\\
		SccProjectUniqueName10 = ImportSanka\\ImportSanka.vbproj
		SccLocalPath10 = .
		SccProjectFilePathRelativizedFromConnection10 = ImportSanka\\
		SccProjectUniqueName11 = ExportSeisan\\ExportSeisan.vbproj
		SccLocalPath11 = .
		SccProjectFilePathRelativizedFromConnection11 = ExportSeisan\\
		SccProjectUniqueName12 = ImportSeisan\\ImportSeisan.vbproj
		SccLocalPath12 = .
		SccProjectFilePathRelativizedFromConnection12 = ImportSeisan\\
	EndGlobalSection
	GlobalSection(SolutionConfigurationPlatforms) = preSolution
		Debug|Any CPU = Debug|Any CPU
		Release|Any CPU = Release|Any CPU
	EndGlobalSection
	GlobalSection(ProjectConfigurationPlatforms) = postSolution
		{572779AB-7C18-4CEB-B49E-38B76FDA638E}.Debug|Any CPU.ActiveCfg = Debug|Any CPU
		{572779AB-7C18-4CEB-B49E-38B76FDA638E}.Debug|Any CPU.Build.0 = Debug|Any CPU
		{572779AB-7C18-4CEB-B49E-38B76FDA638E}.Release|Any CPU.ActiveCfg = Debug|Any CPU
		{572779AB-7C18-4CEB-B49E-38B76FDA638E}.Release|Any CPU.Build.0 = Debug|Any CPU
		{ABFCAC25-F9FA-4E55-A79B-10FE5643E5CA}.Debug|Any CPU.ActiveCfg = Debug|Any CPU
		{ABFCAC25-F9FA-4E55-A79B-10FE5643E5CA}.Debug|Any CPU.Build.0 = Debug|Any CPU
		{ABFCAC25-F9FA-4E55-A79B-10FE5643E5CA}.Release|Any CPU.ActiveCfg = Debug|Any CPU
		{ABFCAC25-F9FA-4E55-A79B-10FE5643E5CA}.Release|Any CPU.Build.0 = Debug|Any CPU
		{A3E806FD-19B9-45BF-91D3-AF06B42CD3AE}.Debug|Any CPU.ActiveCfg = Debug|Any CPU
		{A3E806FD-19B9-45BF-91D3-AF06B42CD3AE}.Debug|Any CPU.Build.0 = Debug|Any CPU
		{A3E806FD-19B9-45BF-91D3-AF06B42CD3AE}.Release|Any CPU.ActiveCfg = Debug|Any CPU
		{A3E806FD-19B9-45BF-91D3-AF06B42CD3AE}.Release|Any CPU.Build.0 = Debug|Any CPU
		{9381C786-FB93-4DDB-B594-33D29E849BF5}.Debug|Any CPU.ActiveCfg = Debug|Any CPU
		{9381C786-FB93-4DDB-B594-33D29E849BF5}.Debug|Any CPU.Build.0 = Debug|Any CPU
		{9381C786-FB93-4DDB-B594-33D29E849BF5}.Release|Any CPU.ActiveCfg = Release|Any CPU
		{9381C786-FB93-4DDB-B594-33D29E849BF5}.Release|Any CPU.Build.0 = Release|Any CPU
		{1BE8DF4F-F3F5-411E-9F80-6FA260D275F6}.Debug|Any CPU.ActiveCfg = Debug|Any CPU
		{1BE8DF4F-F3F5-411E-9F80-6FA260D275F6}.Debug|Any CPU.Build.0 = Debug|Any CPU
		{1BE8DF4F-F3F5-411E-9F80-6FA260D275F6}.Release|Any CPU.ActiveCfg = Release|Any CPU
		{1BE8DF4F-F3F5-411E-9F80-6FA260D275F6}.Release|Any CPU.Build.0 = Release|Any CPU
		{6D91E2AB-479A-4564-98F7-228AE5CC3C4C}.Debug|Any CPU.ActiveCfg = Debug|Any CPU
		{6D91E2AB-479A-4564-98F7-228AE5CC3C4C}.Debug|Any CPU.Build.0 = Debug|Any CPU
		{6D91E2AB-479A-4564-98F7-228AE5CC3C4C}.Release|Any CPU.ActiveCfg = Release|Any CPU
		{6D91E2AB-479A-4564-98F7-228AE5CC3C4C}.Release|Any CPU.Build.0 = Release|Any CPU
		{9B88881D-7EE4-489C-A836-CCE9FBB6BC5E}.Debug|Any CPU.ActiveCfg = Debug|Any CPU
		{9B88881D-7EE4-489C-A836-CCE9FBB6BC5E}.Debug|Any CPU.Build.0 = Debug|Any CPU
		{9B88881D-7EE4-489C-A836-CCE9FBB6BC5E}.Release|Any CPU.ActiveCfg = Release|Any CPU
		{9B88881D-7EE4-489C-A836-CCE9FBB6BC5E}.Release|Any CPU.Build.0 = Release|Any CPU
		{00CF76AC-FE0A-4172-89C6-4A2FD52E43C0}.Debug|Any CPU.ActiveCfg = Debug|Any CPU
		{00CF76AC-FE0A-4172-89C6-4A2FD52E43C0}.Debug|Any CPU.Build.0 = Debug|Any CPU
		{00CF76AC-FE0A-4172-89C6-4A2FD52E43C0}.Release|Any CPU.ActiveCfg = Release|Any CPU
		{00CF76AC-FE0A-4172-89C6-4A2FD52E43C0}.Release|Any CPU.Build.0 = Release|Any CPU
		{60394F12-E325-4FB4-BCEF-8959826FE848}.Debug|Any CPU.ActiveCfg = Debug|Any CPU
		{60394F12-E325-4FB4-BCEF-8959826FE848}.Debug|Any CPU.Build.0 = Debug|Any CPU
		{60394F12-E325-4FB4-BCEF-8959826FE848}.Release|Any CPU.ActiveCfg = Release|Any CPU
		{60394F12-E325-4FB4-BCEF-8959826FE848}.Release|Any CPU.Build.0 = Release|Any CPU
		{D92DBF8D-A980-4846-BE0E-6FDFBBDDE094}.Debug|Any CPU.ActiveCfg = Debug|Any CPU
		{D92DBF8D-A980-4846-BE0E-6FDFBBDDE094}.Debug|Any CPU.Build.0 = Debug|Any CPU
		{D92DBF8D-A980-4846-BE0E-6FDFBBDDE094}.Release|Any CPU.ActiveCfg = Release|Any CPU
		{D92DBF8D-A980-4846-BE0E-6FDFBBDDE094}.Release|Any CPU.Build.0 = Release|Any CPU
		{FD8E0632-C5AB-4989-94EF-7EA89FF519B2}.Debug|Any CPU.ActiveCfg = Debug|Any CPU
		{FD8E0632-C5AB-4989-94EF-7EA89FF519B2}.Debug|Any CPU.Build.0 = Debug|Any CPU
		{FD8E0632-C5AB-4989-94EF-7EA89FF519B2}.Release|Any CPU.ActiveCfg = Release|Any CPU
		{FD8E0632-C5AB-4989-94EF-7EA89FF519B2}.Release|Any CPU.Build.0 = Release|Any CPU
		{E341D975-A249-4B4F-8F4F-0B8F8F5E37C3}.Debug|Any CPU.ActiveCfg = Debug|Any CPU
		{E341D975-A249-4B4F-8F4F-0B8F8F5E37C3}.Debug|Any CPU.Build.0 = Debug|Any CPU
		{E341D975-A249-4B4F-8F4F-0B8F8F5E37C3}.Release|Any CPU.ActiveCfg = Release|Any CPU
		{E341D975-A249-4B4F-8F4F-0B8F8F5E37C3}.Release|Any CPU.Build.0 = Release|Any CPU
	EndGlobalSection
	GlobalSection(SolutionProperties) = preSolution
		HideSolutionNode = FALSE
	EndGlobalSection
EndGlobal
